lockfileVersion: '9.0'

settings:
  autoInstallPeers: true
  excludeLinksFromLockfile: false

importers:

  .:
    dependencies:
      '@ai-sdk/groq':
        specifier: 3.0.0-beta.46
        version: 3.0.0-beta.46(zod@4.1.13)
      ai:
        specifier: 6.0.0-beta.134
        version: 6.0.0-beta.134(zod@4.1.13)
      dotenv:
        specifier: ^17.2.3
        version: 17.2.3
      zod:
        specifier: ^4.1.13
        version: 4.1.13

packages:

  '@ai-sdk/gateway@2.0.0-beta.72':
    resolution: {integrity: sha512-5Lw5KoI6Xt51fiQcWUcgnQr1WssnqWcPoBHL3Urt2qDgayVZhVf4G5n232MzpSesJHCwoYSUprDaAKkzrYeDAQ==}
    engines: {node: '>=18'}
    peerDependencies:
      zod: ^3.25.76 || ^4.1.8

  '@ai-sdk/groq@3.0.0-beta.46':
    resolution: {integrity: sha512-fN+8Tr8Le+mKYa2o5p3/qdghFUbmlmlekfnN/G+mc28VF4rusSWbsXAGEohEh4rYaivWDiOIU6xxHa86rjQPFA==}
    engines: {node: '>=18'}
    peerDependencies:
      zod: ^3.25.76 || ^4.1.8

  '@ai-sdk/provider-utils@4.0.0-beta.43':
    resolution: {integrity: sha512-Lp3G7mQ/ruwg9PnhPz5enR9zuE6sjPnczoZhdX+O8senHWdmiJ1vAY9Tqijd9DEbZV5J11DVowniVRBeQSXCiw==}
    engines: {node: '>=18'}
    peerDependencies:
      '@valibot/to-json-schema': ^1.3.0
      arktype: ^2.1.22
      effect: ^3.18.4
      zod: ^3.25.76 || ^4.1.8
    peerDependenciesMeta:
      '@valibot/to-json-schema':
        optional: true
      arktype:
        optional: true
      effect:
        optional: true

  '@ai-sdk/provider@3.0.0-beta.24':
    resolution: {integrity: sha512-lYBjT2+8+2auq1mUs5oMrQs4O9COzHty/QukjrjBLRjkmeb9WeTQVVi0oeEGXf3yTdeY2eSwYOdz+H4zRHsacg==}
    engines: {node: '>=18'}

  '@opentelemetry/api@1.9.0':
    resolution: {integrity: sha512-3giAOQvZiH5F9bMlMiv8+GSPMeqg0dbaeo58/0SlA9sxSqZhnUtxzX9/2FzyhS9sWQf5S0GJE0AKBrFqjpeYcg==}
    engines: {node: '>=8.0.0'}

  '@standard-schema/spec@1.0.0':
    resolution: {integrity: sha512-m2bOd0f2RT9k8QJx1JN85cZYyH1RqFBdlwtkSlf4tBDYLCiiZnv1fIIwacK6cqwXavOydf0NPToMQgpKq+dVlA==}

  '@vercel/oidc@3.0.5':
    resolution: {integrity: sha512-fnYhv671l+eTTp48gB4zEsTW/YtRgRPnkI2nT7x6qw5rkI1Lq2hTmQIpHPgyThI0znLK+vX2n9XxKdXZ7BUbbw==}
    engines: {node: '>= 20'}

  ai@6.0.0-beta.134:
    resolution: {integrity: sha512-AdPkCBuZld2bF77r/Oh5TqTffkJieEf7/SZB1++ZeTnqNnvLhbxBiu81HZfSwCVlpwSDwANZaEd6AKXgkRASbw==}
    engines: {node: '>=18'}
    peerDependencies:
      zod: ^3.25.76 || ^4.1.8

  dotenv@17.2.3:
    resolution: {integrity: sha512-JVUnt+DUIzu87TABbhPmNfVdBDt18BLOWjMUFJMSi/Qqg7NTYtabbvSNJGOJ7afbRuv9D/lngizHtP7QyLQ+9w==}
    engines: {node: '>=12'}

  eventsource-parser@3.0.6:
    resolution: {integrity: sha512-Vo1ab+QXPzZ4tCa8SwIHJFaSzy4R6SHf7BY79rFBDf0idraZWAkYrDjDj8uWaSm3S2TK+hJ7/t1CEmZ7jXw+pg==}
    engines: {node: '>=18.0.0'}

  json-schema@0.4.0:
    resolution: {integrity: sha512-es94M3nTIfsEPisRafak+HDLfHXnKBhV3vU5eqPcS3flIWqcxJWgXHXiey3YrpaNsanY5ei1VoYEbOzijuq9BA==}

  zod@4.1.13:
    resolution: {integrity: sha512-AvvthqfqrAhNH9dnfmrfKzX5upOdjUVJYFqNSlkmGf64gRaTzlPwz99IHYnVs28qYAybvAlBV+H7pn0saFY4Ig==}

snapshots:

  '@ai-sdk/gateway@2.0.0-beta.72(zod@4.1.13)':
    dependencies:
      '@ai-sdk/provider': 3.0.0-beta.24
      '@ai-sdk/provider-utils': 4.0.0-beta.43(zod@4.1.13)
      '@vercel/oidc': 3.0.5
      zod: 4.1.13
    transitivePeerDependencies:
      - '@valibot/to-json-schema'
      - arktype
      - effect

  '@ai-sdk/groq@3.0.0-beta.46(zod@4.1.13)':
    dependencies:
      '@ai-sdk/provider': 3.0.0-beta.24
      '@ai-sdk/provider-utils': 4.0.0-beta.43(zod@4.1.13)
      zod: 4.1.13
    transitivePeerDependencies:
      - '@valibot/to-json-schema'
      - arktype
      - effect

  '@ai-sdk/provider-utils@4.0.0-beta.43(zod@4.1.13)':
    dependencies:
      '@ai-sdk/provider': 3.0.0-beta.24
      '@standard-schema/spec': 1.0.0
      eventsource-parser: 3.0.6
      zod: 4.1.13

  '@ai-sdk/provider@3.0.0-beta.24':
    dependencies:
      json-schema: 0.4.0

  '@opentelemetry/api@1.9.0': {}

  '@standard-schema/spec@1.0.0': {}

  '@vercel/oidc@3.0.5': {}

  ai@6.0.0-beta.134(zod@4.1.13):
    dependencies:
      '@ai-sdk/gateway': 2.0.0-beta.72(zod@4.1.13)
      '@ai-sdk/provider': 3.0.0-beta.24
      '@ai-sdk/provider-utils': 4.0.0-beta.43(zod@4.1.13)
      '@opentelemetry/api': 1.9.0
      zod: 4.1.13
    transitivePeerDependencies:
      - '@valibot/to-json-schema'
      - arktype
      - effect

  dotenv@17.2.3: {}

  eventsource-parser@3.0.6: {}

  json-schema@0.4.0: {}

  zod@4.1.13: {}
